
Microsoft Visual Studio Solution File, Format Version 11.00
# Visual Studio 2010
Project("{8BC9CEB8-8B4A-11D0-8D11-00A0C91BC942}") = "DrawGraphics", "DrawGraphics.vcxproj", "{110F8260-F62B-4B22-9C32-285F3A57BD99}"
EndProject
Global
	GlobalSection(SolutionConfigurationPlatforms) = preSolution
		Debug|Win32 = Debug|Win32
		Release|Win32 = Release|Win32
	EndGlobalSection
	GlobalSection(ProjectConfigurationPlatforms) = postSolution
		{110F8260-F62B-4B22-9C32-285F3A57BD99}.Debug|Win32.ActiveCfg = Debug|Win32
		{110F8260-F62B-4B22-9C32-285F3A57BD99}.Debug|Win32.Build.0 = Debug|Win32
		{110F8260-F62B-4B22-9C32-285F3A57BD99}.Release|Win32.ActiveCfg = Release|Win32
		{110F8260-F62B-4B22-9C32-285F3A57BD99}.Release|Win32.Build.0 = Release|Win32
	EndGlobalSection
	GlobalSection(SolutionProperties) = preSolution
		HideSolutionNode = FALSE
	EndGlobalSection
EndGlobal
